<?xml version="1.0" encoding="utf-8"?>
<Project ToolsVersion="4.0" xmlns="http://schemas.microsoft.com/developer/msbuild/2003">
  <ItemGroup>
    <Filter Include="Pliki źródłowe">
      <UniqueIdentifier>{4FC737F1-C7A5-4376-A066-2A32D752A2FF}</UniqueIdentifier>
      <Extensions>cpp;c;cc;cxx;c++;cppm;ixx;def;odl;idl;hpj;bat;asm;asmx</Extensions>
    </Filter>
    <Filter Include="Pliki nagłówkowe">
      <UniqueIdentifier>{93995380-89BD-4b04-88EB-625FBE52EBFB}</UniqueIdentifier>
      <Extensions>h;hh;hpp;hxx;h++;hm;inl;inc;ipp;xsd</Extensions>
    </Filter>
    <Filter Include="Pliki zasobów">
      <UniqueIdentifier>{67DA6AB6-F800-4c08-8B7A-83BB121AAD01}</UniqueIdentifier>
      <Extensions>rc;ico;cur;bmp;dlg;rc2;rct;bin;rgs;gif;jpg;jpeg;jpe;resx;tiff;tif;png;wav;mfcribbon-ms</Extensions>
    </Filter>
    <Filter Include="Pliki źródłowe\screens">
      <UniqueIdentifier>{9ba9e3f8-750f-4713-81e6-95e8f7d824ef}</UniqueIdentifier>
    </Filter>
    <Filter Include="Pliki nagłówkowe\screens">
      <UniqueIdentifier>{3c9af9d1-0f69-4dae-bc42-7f0e792df1c2}</UniqueIdentifier>
    </Filter>
    <Filter Include="Pliki źródłowe\widgets">
      <UniqueIdentifier>{f94e4b4e-8535-4658-87f3-3c5032a27997}</UniqueIdentifier>
    </Filter>
    <Filter Include="Pliki nagłówkowe\widgets">
      <UniqueIdentifier>{54b199b0-28c8-4622-9f11-ec9ff7131500}</UniqueIdentifier>
    </Filter>
    <Filter Include="Pliki źródłowe\singletons">
      <UniqueIdentifier>{e1351b5f-ea7c-415d-b4d6-66aa811f26b6}</UniqueIdentifier>
    </Filter>
    <Filter Include="Pliki nagłówkowe\singletons">
      <UniqueIdentifier>{1e97fbdb-87ed-4fc7-af72-2f6912efe1ed}</UniqueIdentifier>
    </Filter>
    <Filter Include="Pliki nagłówkowe\enums">
      <UniqueIdentifier>{deb0ed75-eb8f-4b0f-9b7b-d423ec6b7469}</UniqueIdentifier>
    </Filter>
    <Filter Include="Pliki źródłowe\services">
      <UniqueIdentifier>{3d7d2e9e-7267-44e1-9f5e-95c7b4faa131}</UniqueIdentifier>
    </Filter>
    <Filter Include="Pliki nagłówkowe\services">
      <UniqueIdentifier>{1c2fc679-0bcf-4a4a-b89d-8fde465cc558}</UniqueIdentifier>
    </Filter>
    <Filter Include="Pliki nagłówkowe\entities">
      <UniqueIdentifier>{37f9836d-9895-4467-898e-6d822c7bb466}</UniqueIdentifier>
    </Filter>
    <Filter Include="Pliki nagłówkowe\configs">
      <UniqueIdentifier>{1ebb8961-a8f8-4940-a5e0-0d4e12289d1b}</UniqueIdentifier>
    </Filter>
    <Filter Include="Pliki źródłowe\configs">
      <UniqueIdentifier>{f2c21dd6-7a0d-49b6-b44e-7d97a9733ccc}</UniqueIdentifier>
    </Filter>
    <Filter Include="Pliki nagłówkowe\utils">
      <UniqueIdentifier>{45c84366-1755-4b29-89a8-aff4693fd8b1}</UniqueIdentifier>
    </Filter>
    <Filter Include="Pliki źródłowe\utils">
      <UniqueIdentifier>{e05bd260-f8cf-4763-ac22-e9c80d24fb3d}</UniqueIdentifier>
    </Filter>
  </ItemGroup>
  <ItemGroup>
    <ClCompile Include="Bird.cpp">
      <Filter>Pliki źródłowe</Filter>
    </ClCompile>
    <ClCompile Include="Game.cpp">
      <Filter>Pliki źródłowe</Filter>
    </ClCompile>
    <ClCompile Include="main.cpp">
      <Filter>Pliki źródłowe</Filter>
    </ClCompile>
    <ClCompile Include="Obstacle.cpp">
      <Filter>Pliki źródłowe</Filter>
    </ClCompile>
    <ClCompile Include="Background.cpp">
      <Filter>Pliki źródłowe</Filter>
    </ClCompile>
    <ClCompile Include="WindowConfig.cpp">
      <Filter>Pliki źródłowe</Filter>
    </ClCompile>
    <ClCompile Include="MenuScreen.cpp">
      <Filter>Pliki źródłowe\screens</Filter>
    </ClCompile>
    <ClCompile Include="TextButton.cpp">
      <Filter>Pliki źródłowe\widgets</Filter>
    </ClCompile>
    <ClCompile Include="RenderWindowSingleton.cpp">
      <Filter>Pliki źródłowe\singletons</Filter>
    </ClCompile>
    <ClCompile Include="ScoreScreen.cpp">
      <Filter>Pliki źródłowe\screens</Filter>
    </ClCompile>
    <ClCompile Include="FileReader.cpp">
      <Filter>Pliki źródłowe\services</Filter>
    </ClCompile>
    <ClCompile Include="ListView.cpp">
      <Filter>Pliki źródłowe\widgets</Filter>
    </ClCompile>
    <ClCompile Include="Positions.cpp">
      <Filter>Pliki źródłowe\configs</Filter>
    </ClCompile>
    <ClCompile Include="BetterPresser.cpp">
      <Filter>Pliki źródłowe\utils</Filter>
    </ClCompile>
    <ClCompile Include="HelpScreen.cpp">
      <Filter>Pliki źródłowe\screens</Filter>
    </ClCompile>
    <ClCompile Include="WindowConfig.ixx">
      <Filter>Pliki nagłówkowe</Filter>
    </ClCompile>
  </ItemGroup>
  <ItemGroup>
    <ClInclude Include="Bird.h">
      <Filter>Pliki nagłówkowe</Filter>
    </ClInclude>
    <ClInclude Include="Game.h">
      <Filter>Pliki nagłówkowe</Filter>
    </ClInclude>
    <ClInclude Include="Obstacle.h">
      <Filter>Pliki nagłówkowe</Filter>
    </ClInclude>
    <ClInclude Include="Background.h">
      <Filter>Pliki nagłówkowe</Filter>
    </ClInclude>
    <ClInclude Include="MenuScreen.h">
      <Filter>Pliki nagłówkowe\screens</Filter>
    </ClInclude>
    <ClInclude Include="TextButton.h">
      <Filter>Pliki nagłówkowe\widgets</Filter>
    </ClInclude>
    <ClInclude Include="RenderWindowSingleton.h">
      <Filter>Pliki nagłówkowe\singletons</Filter>
    </ClInclude>
    <ClInclude Include="ScreenEnum.h">
      <Filter>Pliki nagłówkowe\enums</Filter>
    </ClInclude>
    <ClInclude Include="ScoreScreen.h">
      <Filter>Pliki nagłówkowe\screens</Filter>
    </ClInclude>
    <ClInclude Include="FileReader.h">
      <Filter>Pliki nagłówkowe\services</Filter>
    </ClInclude>
    <ClInclude Include="ScoreEntity.h">
      <Filter>Pliki nagłówkowe\entities</Filter>
    </ClInclude>
    <ClInclude Include="ListView.h">
      <Filter>Pliki nagłówkowe\widgets</Filter>
    </ClInclude>
    <ClInclude Include="Positions.h">
      <Filter>Pliki nagłówkowe\configs</Filter>
    </ClInclude>
    <ClInclude Include="BetterPresser.h">
      <Filter>Pliki nagłówkowe\utils</Filter>
    </ClInclude>
    <ClInclude Include="HelpScreen.h">
      <Filter>Pliki nagłówkowe\screens</Filter>
    </ClInclude>
    <ClInclude Include="Screen.h">
      <Filter>Pliki nagłówkowe\screens</Filter>
    </ClInclude>
  </ItemGroup>
</Project>