
Microsoft Visual Studio Solution File, Format Version 12.00
# Visual Studio Version 17
VisualStudioVersion = 17.5.33424.131
MinimumVisualStudioVersion = 10.0.40219.1
Project("{8BC9CEB8-8B4A-11D0-8D11-00A0C91BC942}") = "moduly", "moduly\moduly.vcxproj", "{E46E2708-E568-4E53-B93C-A490E26D808A}"
EndProject
Global
	GlobalSection(SolutionConfigurationPlatforms) = preSolution
		Debug|x64 = Debug|x64
		Debug|x86 = Debug|x86
		Release|x64 = Release|x64
		Release|x86 = Release|x86
	EndGlobalSection
	GlobalSection(ProjectConfigurationPlatforms) = postSolution
		{E46E2708-E568-4E53-B93C-A490E26D808A}.Debug|x64.ActiveCfg = Debug|x64
		{E46E2708-E568-4E53-B93C-A490E26D808A}.Debug|x64.Build.0 = Debug|x64
		{E46E2708-E568-4E53-B93C-A490E26D808A}.Debug|x86.ActiveCfg = Debug|Win32
		{E46E2708-E568-4E53-B93C-A490E26D808A}.Debug|x86.Build.0 = Debug|Win32
		{E46E2708-E568-4E53-B93C-A490E26D808A}.Release|x64.ActiveCfg = Release|x64
		{E46E2708-E568-4E53-B93C-A490E26D808A}.Release|x64.Build.0 = Release|x64
		{E46E2708-E568-4E53-B93C-A490E26D808A}.Release|x86.ActiveCfg = Release|Win32
		{E46E2708-E568-4E53-B93C-A490E26D808A}.Release|x86.Build.0 = Release|Win32
	EndGlobalSection
	GlobalSection(SolutionProperties) = preSolution
		HideSolutionNode = FALSE
	EndGlobalSection
	GlobalSection(ExtensibilityGlobals) = postSolution
		SolutionGuid = {608CC297-8E18-4F32-A77A-47296C34A356}
	EndGlobalSection
EndGlobal
